
Microsoft Visual Studio Solution File, Format Version 12.00
# Visual Studio Version 17
VisualStudioVersion = 17.5.33627.172
MinimumVisualStudioVersion = 10.0.40219.1
Project("{9A19103F-16F7-4668-BE54-9A1E7A4F7556}") = "Demo4", "Demo4\Demo4.csproj", "{9E4CA382-5B2C-4F16-A24B-BE974F370DD0}"
EndProject
Project("{9A19103F-16F7-4668-BE54-9A1E7A4F7556}") = "Demo5", "Demo5\Demo5.csproj", "{24B23B9C-F45D-4533-A7F6-B8078A03B3A4}"
EndProject
Project("{9A19103F-16F7-4668-BE54-9A1E7A4F7556}") = "2.EvenNumbers", "EvenNumbers\2.EvenNumbers.csproj", "{AA2F45FF-E7BD-4343-AC85-1A48F82DAFBC}"
EndProject
Project("{9A19103F-16F7-4668-BE54-9A1E7A4F7556}") = "2.exclude0and100", "exclude0and100\2.exclude0and100.csproj", "{A45E3F68-0071-49B4-B964-AC3540E16F33}"
EndProject
Project("{9A19103F-16F7-4668-BE54-9A1E7A4F7556}") = "3.EvenAndBetween0to100", "EvenAndBetween0to100\3.EvenAndBetween0to100.csproj", "{2AF47D43-CB0C-4ED0-B823-0C251B4BE8B7}"
EndProject
Project("{9A19103F-16F7-4668-BE54-9A1E7A4F7556}") = "4.OddNumbers", "OddNumbers\4.OddNumbers.csproj", "{362577B8-9E88-4DFC-BA8D-7542DCE264D1}"
EndProject
Project("{9A19103F-16F7-4668-BE54-9A1E7A4F7556}") = "5.ReminderIs1or0", "ReminderIs1or0\5.ReminderIs1or0.csproj", "{AB37A19A-9AC1-4A06-8E65-F55225A829AE}"
EndProject
Project("{9A19103F-16F7-4668-BE54-9A1E7A4F7556}") = "6.AcceptTwoNumbers", "AcceptTwoNumbers\6.AcceptTwoNumbers.csproj", "{B6D25601-B7F6-4575-9ADA-8BF97DB32729}"
EndProject
Project("{9A19103F-16F7-4668-BE54-9A1E7A4F7556}") = "1.EvenNumbers", "1.EvenNumbers\1.EvenNumbers.csproj", "{29D45DB7-35D2-4EB0-A2CE-451CDCECB417}"
EndProject
Project("{9A19103F-16F7-4668-BE54-9A1E7A4F7556}") = "DateTime", "DateTime\DateTime.csproj", "{F18E199B-B78E-4853-A7FC-6B93A6D8C2F4}"
EndProject
Project("{9A19103F-16F7-4668-BE54-9A1E7A4F7556}") = "DurationCalculator", "DurationCalculator\DurationCalculator.csproj", "{25E2BD9F-5A63-4D1B-93F6-819E31A597B2}"
EndProject
Project("{FAE04EC0-301F-11D3-BF4B-00C04F79EFBC}") = "Demo_Looping", "Demo_Looping\Demo_Looping.csproj", "{D4B5432A-9589-4B46-A2E9-AEEC4220CF3B}"
EndProject
Project("{FAE04EC0-301F-11D3-BF4B-00C04F79EFBC}") = "While_Loop", "While_Loop\While_Loop.csproj", "{62153F17-382B-4A73-BE86-002C7F3AEA80}"
EndProject
Global
	GlobalSection(SolutionConfigurationPlatforms) = preSolution
		Debug|Any CPU = Debug|Any CPU
		Release|Any CPU = Release|Any CPU
	EndGlobalSection
	GlobalSection(ProjectConfigurationPlatforms) = postSolution
		{9E4CA382-5B2C-4F16-A24B-BE974F370DD0}.Debug|Any CPU.ActiveCfg = Debug|Any CPU
		{9E4CA382-5B2C-4F16-A24B-BE974F370DD0}.Debug|Any CPU.Build.0 = Debug|Any CPU
		{9E4CA382-5B2C-4F16-A24B-BE974F370DD0}.Release|Any CPU.ActiveCfg = Release|Any CPU
		{9E4CA382-5B2C-4F16-A24B-BE974F370DD0}.Release|Any CPU.Build.0 = Release|Any CPU
		{24B23B9C-F45D-4533-A7F6-B8078A03B3A4}.Debug|Any CPU.ActiveCfg = Debug|Any CPU
		{24B23B9C-F45D-4533-A7F6-B8078A03B3A4}.Debug|Any CPU.Build.0 = Debug|Any CPU
		{24B23B9C-F45D-4533-A7F6-B8078A03B3A4}.Release|Any CPU.ActiveCfg = Release|Any CPU
		{24B23B9C-F45D-4533-A7F6-B8078A03B3A4}.Release|Any CPU.Build.0 = Release|Any CPU
		{AA2F45FF-E7BD-4343-AC85-1A48F82DAFBC}.Debug|Any CPU.ActiveCfg = Debug|Any CPU
		{AA2F45FF-E7BD-4343-AC85-1A48F82DAFBC}.Debug|Any CPU.Build.0 = Debug|Any CPU
		{AA2F45FF-E7BD-4343-AC85-1A48F82DAFBC}.Release|Any CPU.ActiveCfg = Release|Any CPU
		{AA2F45FF-E7BD-4343-AC85-1A48F82DAFBC}.Release|Any CPU.Build.0 = Release|Any CPU
		{A45E3F68-0071-49B4-B964-AC3540E16F33}.Debug|Any CPU.ActiveCfg = Debug|Any CPU
		{A45E3F68-0071-49B4-B964-AC3540E16F33}.Debug|Any CPU.Build.0 = Debug|Any CPU
		{A45E3F68-0071-49B4-B964-AC3540E16F33}.Release|Any CPU.ActiveCfg = Release|Any CPU
		{A45E3F68-0071-49B4-B964-AC3540E16F33}.Release|Any CPU.Build.0 = Release|Any CPU
		{2AF47D43-CB0C-4ED0-B823-0C251B4BE8B7}.Debug|Any CPU.ActiveCfg = Debug|Any CPU
		{2AF47D43-CB0C-4ED0-B823-0C251B4BE8B7}.Debug|Any CPU.Build.0 = Debug|Any CPU
		{2AF47D43-CB0C-4ED0-B823-0C251B4BE8B7}.Release|Any CPU.ActiveCfg = Release|Any CPU
		{2AF47D43-CB0C-4ED0-B823-0C251B4BE8B7}.Release|Any CPU.Build.0 = Release|Any CPU
		{362577B8-9E88-4DFC-BA8D-7542DCE264D1}.Debug|Any CPU.ActiveCfg = Debug|Any CPU
		{362577B8-9E88-4DFC-BA8D-7542DCE264D1}.Debug|Any CPU.Build.0 = Debug|Any CPU
		{362577B8-9E88-4DFC-BA8D-7542DCE264D1}.Release|Any CPU.ActiveCfg = Release|Any CPU
		{362577B8-9E88-4DFC-BA8D-7542DCE264D1}.Release|Any CPU.Build.0 = Release|Any CPU
		{AB37A19A-9AC1-4A06-8E65-F55225A829AE}.Debug|Any CPU.ActiveCfg = Debug|Any CPU
		{AB37A19A-9AC1-4A06-8E65-F55225A829AE}.Debug|Any CPU.Build.0 = Debug|Any CPU
		{AB37A19A-9AC1-4A06-8E65-F55225A829AE}.Release|Any CPU.ActiveCfg = Release|Any CPU
		{AB37A19A-9AC1-4A06-8E65-F55225A829AE}.Release|Any CPU.Build.0 = Release|Any CPU
		{B6D25601-B7F6-4575-9ADA-8BF97DB32729}.Debug|Any CPU.ActiveCfg = Debug|Any CPU
		{B6D25601-B7F6-4575-9ADA-8BF97DB32729}.Debug|Any CPU.Build.0 = Debug|Any CPU
		{B6D25601-B7F6-4575-9ADA-8BF97DB32729}.Release|Any CPU.ActiveCfg = Release|Any CPU
		{B6D25601-B7F6-4575-9ADA-8BF97DB32729}.Release|Any CPU.Build.0 = Release|Any CPU
		{29D45DB7-35D2-4EB0-A2CE-451CDCECB417}.Debug|Any CPU.ActiveCfg = Debug|Any CPU
		{29D45DB7-35D2-4EB0-A2CE-451CDCECB417}.Debug|Any CPU.Build.0 = Debug|Any CPU
		{29D45DB7-35D2-4EB0-A2CE-451CDCECB417}.Release|Any CPU.ActiveCfg = Release|Any CPU
		{29D45DB7-35D2-4EB0-A2CE-451CDCECB417}.Release|Any CPU.Build.0 = Release|Any CPU
		{F18E199B-B78E-4853-A7FC-6B93A6D8C2F4}.Debug|Any CPU.ActiveCfg = Debug|Any CPU
		{F18E199B-B78E-4853-A7FC-6B93A6D8C2F4}.Debug|Any CPU.Build.0 = Debug|Any CPU
		{F18E199B-B78E-4853-A7FC-6B93A6D8C2F4}.Release|Any CPU.ActiveCfg = Release|Any CPU
		{F18E199B-B78E-4853-A7FC-6B93A6D8C2F4}.Release|Any CPU.Build.0 = Release|Any CPU
		{25E2BD9F-5A63-4D1B-93F6-819E31A597B2}.Debug|Any CPU.ActiveCfg = Debug|Any CPU
		{25E2BD9F-5A63-4D1B-93F6-819E31A597B2}.Debug|Any CPU.Build.0 = Debug|Any CPU
		{25E2BD9F-5A63-4D1B-93F6-819E31A597B2}.Release|Any CPU.ActiveCfg = Release|Any CPU
		{25E2BD9F-5A63-4D1B-93F6-819E31A597B2}.Release|Any CPU.Build.0 = Release|Any CPU
		{D4B5432A-9589-4B46-A2E9-AEEC4220CF3B}.Debug|Any CPU.ActiveCfg = Debug|Any CPU
		{D4B5432A-9589-4B46-A2E9-AEEC4220CF3B}.Debug|Any CPU.Build.0 = Debug|Any CPU
		{D4B5432A-9589-4B46-A2E9-AEEC4220CF3B}.Release|Any CPU.ActiveCfg = Release|Any CPU
		{D4B5432A-9589-4B46-A2E9-AEEC4220CF3B}.Release|Any CPU.Build.0 = Release|Any CPU
		{62153F17-382B-4A73-BE86-002C7F3AEA80}.Debug|Any CPU.ActiveCfg = Debug|Any CPU
		{62153F17-382B-4A73-BE86-002C7F3AEA80}.Debug|Any CPU.Build.0 = Debug|Any CPU
		{62153F17-382B-4A73-BE86-002C7F3AEA80}.Release|Any CPU.ActiveCfg = Release|Any CPU
		{62153F17-382B-4A73-BE86-002C7F3AEA80}.Release|Any CPU.Build.0 = Release|Any CPU
	EndGlobalSection
	GlobalSection(SolutionProperties) = preSolution
		HideSolutionNode = FALSE
	EndGlobalSection
	GlobalSection(ExtensibilityGlobals) = postSolution
		SolutionGuid = {9D7CDDE2-A555-4AD2-93DC-DFA6DF7413D2}
	EndGlobalSection
EndGlobal
