
Microsoft Visual Studio Solution File, Format Version 12.00
# Visual Studio Version 17
VisualStudioVersion = 17.5.33627.172
MinimumVisualStudioVersion = 10.0.40219.1
Project("{9A19103F-16F7-4668-BE54-9A1E7A4F7556}") = "Demo2", "Demo2\Demo2.csproj", "{00949B8F-4F5C-4B65-9FE7-EBA6B69C7C1F}"
EndProject
Project("{FAE04EC0-301F-11D3-BF4B-00C04F79EFBC}") = "Demo3", "Demo3\Demo3.csproj", "{D9D44D4C-F2F1-4A8F-AA13-BC121486B849}"
EndProject
Project("{FAE04EC0-301F-11D3-BF4B-00C04F79EFBC}") = "Demo4", "Demo4\Demo4.csproj", "{9E4CA382-5B2C-4F16-A24B-BE974F370DD0}"
EndProject
Project("{FAE04EC0-301F-11D3-BF4B-00C04F79EFBC}") = "Demo5", "Demo5\Demo5.csproj", "{24B23B9C-F45D-4533-A7F6-B8078A03B3A4}"
EndProject
Project("{FAE04EC0-301F-11D3-BF4B-00C04F79EFBC}") = "EvenNumbers", "EvenNumbers\EvenNumbers.csproj", "{AA2F45FF-E7BD-4343-AC85-1A48F82DAFBC}"
EndProject
Project("{FAE04EC0-301F-11D3-BF4B-00C04F79EFBC}") = "exclude0and100", "exclude0and100\exclude0and100.csproj", "{A45E3F68-0071-49B4-B964-AC3540E16F33}"
EndProject
Project("{FAE04EC0-301F-11D3-BF4B-00C04F79EFBC}") = "EvenAndBetween0to100", "EvenAndBetween0to100\EvenAndBetween0to100.csproj", "{2AF47D43-CB0C-4ED0-B823-0C251B4BE8B7}"
EndProject
Global
	GlobalSection(SolutionConfigurationPlatforms) = preSolution
		Debug|Any CPU = Debug|Any CPU
		Release|Any CPU = Release|Any CPU
	EndGlobalSection
	GlobalSection(ProjectConfigurationPlatforms) = postSolution
		{00949B8F-4F5C-4B65-9FE7-EBA6B69C7C1F}.Debug|Any CPU.ActiveCfg = Debug|Any CPU
		{00949B8F-4F5C-4B65-9FE7-EBA6B69C7C1F}.Debug|Any CPU.Build.0 = Debug|Any CPU
		{00949B8F-4F5C-4B65-9FE7-EBA6B69C7C1F}.Release|Any CPU.ActiveCfg = Release|Any CPU
		{00949B8F-4F5C-4B65-9FE7-EBA6B69C7C1F}.Release|Any CPU.Build.0 = Release|Any CPU
		{D9D44D4C-F2F1-4A8F-AA13-BC121486B849}.Debug|Any CPU.ActiveCfg = Debug|Any CPU
		{D9D44D4C-F2F1-4A8F-AA13-BC121486B849}.Debug|Any CPU.Build.0 = Debug|Any CPU
		{D9D44D4C-F2F1-4A8F-AA13-BC121486B849}.Release|Any CPU.ActiveCfg = Release|Any CPU
		{D9D44D4C-F2F1-4A8F-AA13-BC121486B849}.Release|Any CPU.Build.0 = Release|Any CPU
		{9E4CA382-5B2C-4F16-A24B-BE974F370DD0}.Debug|Any CPU.ActiveCfg = Debug|Any CPU
		{9E4CA382-5B2C-4F16-A24B-BE974F370DD0}.Debug|Any CPU.Build.0 = Debug|Any CPU
		{9E4CA382-5B2C-4F16-A24B-BE974F370DD0}.Release|Any CPU.ActiveCfg = Release|Any CPU
		{9E4CA382-5B2C-4F16-A24B-BE974F370DD0}.Release|Any CPU.Build.0 = Release|Any CPU
		{24B23B9C-F45D-4533-A7F6-B8078A03B3A4}.Debug|Any CPU.ActiveCfg = Debug|Any CPU
		{24B23B9C-F45D-4533-A7F6-B8078A03B3A4}.Debug|Any CPU.Build.0 = Debug|Any CPU
		{24B23B9C-F45D-4533-A7F6-B8078A03B3A4}.Release|Any CPU.ActiveCfg = Release|Any CPU
		{24B23B9C-F45D-4533-A7F6-B8078A03B3A4}.Release|Any CPU.Build.0 = Release|Any CPU
		{AA2F45FF-E7BD-4343-AC85-1A48F82DAFBC}.Debug|Any CPU.ActiveCfg = Debug|Any CPU
		{AA2F45FF-E7BD-4343-AC85-1A48F82DAFBC}.Debug|Any CPU.Build.0 = Debug|Any CPU
		{AA2F45FF-E7BD-4343-AC85-1A48F82DAFBC}.Release|Any CPU.ActiveCfg = Release|Any CPU
		{AA2F45FF-E7BD-4343-AC85-1A48F82DAFBC}.Release|Any CPU.Build.0 = Release|Any CPU
		{A45E3F68-0071-49B4-B964-AC3540E16F33}.Debug|Any CPU.ActiveCfg = Debug|Any CPU
		{A45E3F68-0071-49B4-B964-AC3540E16F33}.Debug|Any CPU.Build.0 = Debug|Any CPU
		{A45E3F68-0071-49B4-B964-AC3540E16F33}.Release|Any CPU.ActiveCfg = Release|Any CPU
		{A45E3F68-0071-49B4-B964-AC3540E16F33}.Release|Any CPU.Build.0 = Release|Any CPU
		{2AF47D43-CB0C-4ED0-B823-0C251B4BE8B7}.Debug|Any CPU.ActiveCfg = Debug|Any CPU
		{2AF47D43-CB0C-4ED0-B823-0C251B4BE8B7}.Debug|Any CPU.Build.0 = Debug|Any CPU
		{2AF47D43-CB0C-4ED0-B823-0C251B4BE8B7}.Release|Any CPU.ActiveCfg = Release|Any CPU
		{2AF47D43-CB0C-4ED0-B823-0C251B4BE8B7}.Release|Any CPU.Build.0 = Release|Any CPU
	EndGlobalSection
	GlobalSection(SolutionProperties) = preSolution
		HideSolutionNode = FALSE
	EndGlobalSection
	GlobalSection(ExtensibilityGlobals) = postSolution
		SolutionGuid = {9D7CDDE2-A555-4AD2-93DC-DFA6DF7413D2}
	EndGlobalSection
EndGlobal
